
Microsoft Visual Studio Solution File, Format Version 12.00
# Visual Studio Version 17
VisualStudioVersion = 17.11.35312.102
MinimumVisualStudioVersion = 10.0.40219.1
Project("{FAE04EC0-301F-11D3-BF4B-00C04F79EFBC}") = "example_1", "example_1\example_1.csproj", "{5383CBB2-DA0B-47DE-B64F-4BC2990C247F}"
EndProject
Project("{FAE04EC0-301F-11D3-BF4B-00C04F79EFBC}") = "example_2", "example_2\example_2.csproj", "{20B4EBD2-B0E0-46CD-AE43-E96711C547B1}"
EndProject
Project("{FAE04EC0-301F-11D3-BF4B-00C04F79EFBC}") = "example_3", "ConsoleApp1\example_3.csproj", "{54C537E8-1B91-4A2E-90B6-EA51ABD6518C}"
EndProject
Global
	GlobalSection(SolutionConfigurationPlatforms) = preSolution
		Debug|Any CPU = Debug|Any CPU
		Release|Any CPU = Release|Any CPU
	EndGlobalSection
	GlobalSection(ProjectConfigurationPlatforms) = postSolution
		{5383CBB2-DA0B-47DE-B64F-4BC2990C247F}.Debug|Any CPU.ActiveCfg = Debug|Any CPU
		{5383CBB2-DA0B-47DE-B64F-4BC2990C247F}.Debug|Any CPU.Build.0 = Debug|Any CPU
		{5383CBB2-DA0B-47DE-B64F-4BC2990C247F}.Release|Any CPU.ActiveCfg = Release|Any CPU
		{5383CBB2-DA0B-47DE-B64F-4BC2990C247F}.Release|Any CPU.Build.0 = Release|Any CPU
		{20B4EBD2-B0E0-46CD-AE43-E96711C547B1}.Debug|Any CPU.ActiveCfg = Debug|Any CPU
		{20B4EBD2-B0E0-46CD-AE43-E96711C547B1}.Debug|Any CPU.Build.0 = Debug|Any CPU
		{20B4EBD2-B0E0-46CD-AE43-E96711C547B1}.Release|Any CPU.ActiveCfg = Release|Any CPU
		{20B4EBD2-B0E0-46CD-AE43-E96711C547B1}.Release|Any CPU.Build.0 = Release|Any CPU
		{54C537E8-1B91-4A2E-90B6-EA51ABD6518C}.Debug|Any CPU.ActiveCfg = Debug|Any CPU
		{54C537E8-1B91-4A2E-90B6-EA51ABD6518C}.Debug|Any CPU.Build.0 = Debug|Any CPU
		{54C537E8-1B91-4A2E-90B6-EA51ABD6518C}.Release|Any CPU.ActiveCfg = Release|Any CPU
		{54C537E8-1B91-4A2E-90B6-EA51ABD6518C}.Release|Any CPU.Build.0 = Release|Any CPU
	EndGlobalSection
	GlobalSection(SolutionProperties) = preSolution
		HideSolutionNode = FALSE
	EndGlobalSection
	GlobalSection(ExtensibilityGlobals) = postSolution
		SolutionGuid = {6FE0B218-484E-45FE-801F-F1D781CD33E7}
	EndGlobalSection
EndGlobal
