
Microsoft Visual Studio Solution File, Format Version 12.00
# Visual Studio Version 17
VisualStudioVersion = 17.11.35312.102
MinimumVisualStudioVersion = 10.0.40219.1
Project("{FAE04EC0-301F-11D3-BF4B-00C04F79EFBC}") = "task_1", "task_1\task_1.csproj", "{F5803D37-2135-49A2-BE8E-9972767CD15B}"
EndProject
Project("{FAE04EC0-301F-11D3-BF4B-00C04F79EFBC}") = "task_2", "task_2\task_2.csproj", "{6E0FAD74-9BD5-4C2A-B099-D518F475361C}"
EndProject
Global
	GlobalSection(SolutionConfigurationPlatforms) = preSolution
		Debug|Any CPU = Debug|Any CPU
		Release|Any CPU = Release|Any CPU
	EndGlobalSection
	GlobalSection(ProjectConfigurationPlatforms) = postSolution
		{F5803D37-2135-49A2-BE8E-9972767CD15B}.Debug|Any CPU.ActiveCfg = Debug|Any CPU
		{F5803D37-2135-49A2-BE8E-9972767CD15B}.Debug|Any CPU.Build.0 = Debug|Any CPU
		{F5803D37-2135-49A2-BE8E-9972767CD15B}.Release|Any CPU.ActiveCfg = Release|Any CPU
		{F5803D37-2135-49A2-BE8E-9972767CD15B}.Release|Any CPU.Build.0 = Release|Any CPU
		{6E0FAD74-9BD5-4C2A-B099-D518F475361C}.Debug|Any CPU.ActiveCfg = Debug|Any CPU
		{6E0FAD74-9BD5-4C2A-B099-D518F475361C}.Debug|Any CPU.Build.0 = Debug|Any CPU
		{6E0FAD74-9BD5-4C2A-B099-D518F475361C}.Release|Any CPU.ActiveCfg = Release|Any CPU
		{6E0FAD74-9BD5-4C2A-B099-D518F475361C}.Release|Any CPU.Build.0 = Release|Any CPU
	EndGlobalSection
	GlobalSection(SolutionProperties) = preSolution
		HideSolutionNode = FALSE
	EndGlobalSection
	GlobalSection(ExtensibilityGlobals) = postSolution
		SolutionGuid = {34278BFF-ABA1-4CB5-99CE-97B66ABEAB88}
	EndGlobalSection
EndGlobal
